<?xml version="1.0" encoding="utf-8"?>
<Project ToolsVersion="4.0" xmlns="http://schemas.microsoft.com/developer/msbuild/2003">
  <ItemGroup>
    <Filter Include="소스 파일">
      <UniqueIdentifier>{4FC737F1-C7A5-4376-A066-2A32D752A2FF}</UniqueIdentifier>
      <Extensions>cpp;c;cc;cxx;def;odl;idl;hpj;bat;asm;asmx</Extensions>
    </Filter>
    <Filter Include="헤더 파일">
      <UniqueIdentifier>{93995380-89BD-4b04-88EB-625FBE52EBFB}</UniqueIdentifier>
      <Extensions>h;hh;hpp;hxx;hm;inl;inc;ipp;xsd</Extensions>
    </Filter>
    <Filter Include="리소스 파일">
      <UniqueIdentifier>{67DA6AB6-F800-4c08-8B7A-83BB121AAD01}</UniqueIdentifier>
      <Extensions>rc;ico;cur;bmp;dlg;rc2;rct;bin;rgs;gif;jpg;jpeg;jpe;resx;tiff;tif;png;wav;mfcribbon-ms</Extensions>
    </Filter>
  </ItemGroup>
  <ItemGroup>
    <ClCompile Include="main.cpp">
      <Filter>소스 파일</Filter>
    </ClCompile>
    <ClCompile Include="libs\AssetManager.cpp">
      <Filter>소스 파일</Filter>
    </ClCompile>
    <ClCompile Include="libs\Bot.cpp">
      <Filter>소스 파일</Filter>
    </ClCompile>
    <ClCompile Include="libs\Bullet.cpp">
      <Filter>소스 파일</Filter>
    </ClCompile>
    <ClCompile Include="libs\BustedState.cpp">
      <Filter>소스 파일</Filter>
    </ClCompile>
    <ClCompile Include="libs\Car.cpp">
      <Filter>소스 파일</Filter>
    </ClCompile>
    <ClCompile Include="libs\ClientState.cpp">
      <Filter>소스 파일</Filter>
    </ClCompile>
    <ClCompile Include="libs\Game.cpp">
      <Filter>소스 파일</Filter>
    </ClCompile>
    <ClCompile Include="libs\GameMap.cpp">
      <Filter>소스 파일</Filter>
    </ClCompile>
    <ClCompile Include="libs\GameOverState.cpp">
      <Filter>소스 파일</Filter>
    </ClCompile>
    <ClCompile Include="libs\GameSimulator.cpp">
      <Filter>소스 파일</Filter>
    </ClCompile>
    <ClCompile Include="libs\GameState.cpp">
      <Filter>소스 파일</Filter>
    </ClCompile>
    <ClCompile Include="libs\InputManager.cpp">
      <Filter>소스 파일</Filter>
    </ClCompile>
    <ClCompile Include="libs\MainMenuState.cpp">
      <Filter>소스 파일</Filter>
    </ClCompile>
    <ClCompile Include="libs\NetworkManager.cpp">
      <Filter>소스 파일</Filter>
    </ClCompile>
    <ClCompile Include="libs\PauseState.cpp">
      <Filter>소스 파일</Filter>
    </ClCompile>
    <ClCompile Include="libs\PlayerCar.cpp">
      <Filter>소스 파일</Filter>
    </ClCompile>
    <ClCompile Include="libs\ServerState.cpp">
      <Filter>소스 파일</Filter>
    </ClCompile>
    <ClCompile Include="libs\SplashState.cpp">
      <Filter>소스 파일</Filter>
    </ClCompile>
    <ClCompile Include="libs\StateMachine.cpp">
      <Filter>소스 파일</Filter>
    </ClCompile>
  </ItemGroup>
  <ItemGroup>
    <ClInclude Include="include\Network\Client.hpp">
      <Filter>헤더 파일</Filter>
    </ClInclude>
    <ClInclude Include="include\Network\ClientRoom.hpp">
      <Filter>헤더 파일</Filter>
    </ClInclude>
    <ClInclude Include="include\Network\Server.hpp">
      <Filter>헤더 파일</Filter>
    </ClInclude>
    <ClInclude Include="include\Network\ServerRoom.hpp">
      <Filter>헤더 파일</Filter>
    </ClInclude>
    <ClInclude Include="include\Objects\Bot.hpp">
      <Filter>헤더 파일</Filter>
    </ClInclude>
    <ClInclude Include="include\Objects\Bullet.hpp">
      <Filter>헤더 파일</Filter>
    </ClInclude>
    <ClInclude Include="include\Objects\Camera.hpp">
      <Filter>헤더 파일</Filter>
    </ClInclude>
    <ClInclude Include="include\Objects\Car.hpp">
      <Filter>헤더 파일</Filter>
    </ClInclude>
    <ClInclude Include="include\Objects\GameMap.hpp">
      <Filter>헤더 파일</Filter>
    </ClInclude>
    <ClInclude Include="include\Objects\Line.hpp">
      <Filter>헤더 파일</Filter>
    </ClInclude>
    <ClInclude Include="include\Objects\PlayerCar.hpp">
      <Filter>헤더 파일</Filter>
    </ClInclude>
    <ClInclude Include="include\Physics\Collision.hpp">
      <Filter>헤더 파일</Filter>
    </ClInclude>
    <ClInclude Include="include\ResourceManagers\AssetManager.hpp">
      <Filter>헤더 파일</Filter>
    </ClInclude>
    <ClInclude Include="include\ResourceManagers\InputManager.hpp">
      <Filter>헤더 파일</Filter>
    </ClInclude>
    <ClInclude Include="include\States\BustedState.hpp">
      <Filter>헤더 파일</Filter>
    </ClInclude>
    <ClInclude Include="include\States\ClientState.hpp">
      <Filter>헤더 파일</Filter>
    </ClInclude>
    <ClInclude Include="include\States\GameOverState.hpp">
      <Filter>헤더 파일</Filter>
    </ClInclude>
    <ClInclude Include="include\States\GameSimulator.hpp">
      <Filter>헤더 파일</Filter>
    </ClInclude>
    <ClInclude Include="include\States\GameState.hpp">
      <Filter>헤더 파일</Filter>
    </ClInclude>
    <ClInclude Include="include\States\MainMenuState.hpp">
      <Filter>헤더 파일</Filter>
    </ClInclude>
    <ClInclude Include="include\States\PauseState.hpp">
      <Filter>헤더 파일</Filter>
    </ClInclude>
    <ClInclude Include="include\States\ServerState.hpp">
      <Filter>헤더 파일</Filter>
    </ClInclude>
    <ClInclude Include="include\States\SplashState.hpp">
      <Filter>헤더 파일</Filter>
    </ClInclude>
    <ClInclude Include="include\States\State.hpp">
      <Filter>헤더 파일</Filter>
    </ClInclude>
    <ClInclude Include="include\States\StateMachine.hpp">
      <Filter>헤더 파일</Filter>
    </ClInclude>
    <ClInclude Include="include\BustedState.hpp">
      <Filter>헤더 파일</Filter>
    </ClInclude>
    <ClInclude Include="include\DEFINITIONS.hpp">
      <Filter>헤더 파일</Filter>
    </ClInclude>
    <ClInclude Include="include\Game.hpp">
      <Filter>헤더 파일</Filter>
    </ClInclude>
    <ClInclude Include="include\GameState.hpp">
      <Filter>헤더 파일</Filter>
    </ClInclude>
    <ClInclude Include="include\NetworkManager.hpp">
      <Filter>헤더 파일</Filter>
    </ClInclude>
    <ClInclude Include="include\ObjectPool.hpp">
      <Filter>헤더 파일</Filter>
    </ClInclude>
    <ClInclude Include="include\PercentageBar.hpp">
      <Filter>헤더 파일</Filter>
    </ClInclude>
    <ClInclude Include="include\unistd.h">
      <Filter>헤더 파일</Filter>
    </ClInclude>
  </ItemGroup>
  <ItemGroup>
    <Image Include="res\1.png">
      <Filter>리소스 파일</Filter>
    </Image>
    <Image Include="res\2.png">
      <Filter>리소스 파일</Filter>
    </Image>
    <Image Include="res\3.png">
      <Filter>리소스 파일</Filter>
    </Image>
    <Image Include="res\4.png">
      <Filter>리소스 파일</Filter>
    </Image>
    <Image Include="res\5.png">
      <Filter>리소스 파일</Filter>
    </Image>
    <Image Include="res\6.png">
      <Filter>리소스 파일</Filter>
    </Image>
    <Image Include="res\7.png">
      <Filter>리소스 파일</Filter>
    </Image>
    <Image Include="res\8.png">
      <Filter>리소스 파일</Filter>
    </Image>
    <Image Include="res\9.png">
      <Filter>리소스 파일</Filter>
    </Image>
    <Image Include="res\bg.png">
      <Filter>리소스 파일</Filter>
    </Image>
    <Image Include="res\bullet.png">
      <Filter>리소스 파일</Filter>
    </Image>
    <Image Include="res\busted.png">
      <Filter>리소스 파일</Filter>
    </Image>
    <Image Include="res\CarImage0.png">
      <Filter>리소스 파일</Filter>
    </Image>
    <Image Include="res\CarImage1.png">
      <Filter>리소스 파일</Filter>
    </Image>
    <Image Include="res\CarImage2.png">
      <Filter>리소스 파일</Filter>
    </Image>
    <Image Include="res\CarImage3.png">
      <Filter>리소스 파일</Filter>
    </Image>
    <Image Include="res\CarImage4.png">
      <Filter>리소스 파일</Filter>
    </Image>
    <Image Include="res\CarImage5.png">
      <Filter>리소스 파일</Filter>
    </Image>
    <Image Include="res\CarImage6.png">
      <Filter>리소스 파일</Filter>
    </Image>
    <Image Include="res\CarImage7.png">
      <Filter>리소스 파일</Filter>
    </Image>
    <Image Include="res\CarImage8.png">
      <Filter>리소스 파일</Filter>
    </Image>
    <Image Include="res\CarImage9.png">
      <Filter>리소스 파일</Filter>
    </Image>
    <Image Include="res\cy.png">
      <Filter>리소스 파일</Filter>
    </Image>
    <Image Include="res\ds.png">
      <Filter>리소스 파일</Filter>
    </Image>
    <Image Include="res\f1.png">
      <Filter>리소스 파일</Filter>
    </Image>
    <Image Include="res\f2.png">
      <Filter>리소스 파일</Filter>
    </Image>
    <Image Include="res\f3.png">
      <Filter>리소스 파일</Filter>
    </Image>
    <Image Include="res\f4.png">
      <Filter>리소스 파일</Filter>
    </Image>
    <Image Include="res\f5.png">
      <Filter>리소스 파일</Filter>
    </Image>
    <Image Include="res\f6.png">
      <Filter>리소스 파일</Filter>
    </Image>
    <Image Include="res\f7.png">
      <Filter>리소스 파일</Filter>
    </Image>
    <Image Include="res\f8.png">
      <Filter>리소스 파일</Filter>
    </Image>
    <Image Include="res\f9.png">
      <Filter>리소스 파일</Filter>
    </Image>
    <Image Include="res\f10.png">
      <Filter>리소스 파일</Filter>
    </Image>
    <Image Include="res\f11.png">
      <Filter>리소스 파일</Filter>
    </Image>
    <Image Include="res\f12.png">
      <Filter>리소스 파일</Filter>
    </Image>
    <Image Include="res\MenuButton.png">
      <Filter>리소스 파일</Filter>
    </Image>
    <Image Include="res\PCarImage3.png">
      <Filter>리소스 파일</Filter>
    </Image>
    <Image Include="res\PCarImage4.png">
      <Filter>리소스 파일</Filter>
    </Image>
    <Image Include="res\PCarImage5.png">
      <Filter>리소스 파일</Filter>
    </Image>
    <Image Include="res\PlayButton1.png">
      <Filter>리소스 파일</Filter>
    </Image>
    <Image Include="res\PlayButton2.png">
      <Filter>리소스 파일</Filter>
    </Image>
    <Image Include="res\PlayButton2_host.png">
      <Filter>리소스 파일</Filter>
    </Image>
    <Image Include="res\PlayButton2_join.png">
      <Filter>리소스 파일</Filter>
    </Image>
    <Image Include="res\PlayButton3.png">
      <Filter>리소스 파일</Filter>
    </Image>
    <Image Include="res\splashScreen.png">
      <Filter>리소스 파일</Filter>
    </Image>
  </ItemGroup>
  <ItemGroup>
    <Media Include="res\Car-Theft-101.mp3" />
  </ItemGroup>
  <ItemGroup>
    <Font Include="res\SFAtarianSystem.ttf" />
    <Font Include="res\VerminVibesV.otf" />
  </ItemGroup>
</Project>