
Microsoft Visual Studio Solution File, Format Version 12.00
# Visual Studio Version 16
VisualStudioVersion = 16.0.29102.190
MinimumVisualStudioVersion = 10.0.40219.1
Project("{8BC9CEB8-8B4A-11D0-8D11-00A0C91BC942}") = "CarRacing", "CarRacing.vcxproj", "{C10DA9E7-31AB-4D3E-9D5D-3742CEDA9329}"
EndProject
Global
	GlobalSection(SolutionConfigurationPlatforms) = preSolution
		Debug|x64 = Debug|x64
		Debug|x86 = Debug|x86
		Release|x64 = Release|x64
		Release|x86 = Release|x86
	EndGlobalSection
	GlobalSection(ProjectConfigurationPlatforms) = postSolution
		{C10DA9E7-31AB-4D3E-9D5D-3742CEDA9329}.Debug|x64.ActiveCfg = Debug|x64
		{C10DA9E7-31AB-4D3E-9D5D-3742CEDA9329}.Debug|x64.Build.0 = Debug|x64
		{C10DA9E7-31AB-4D3E-9D5D-3742CEDA9329}.Debug|x86.ActiveCfg = Debug|Win32
		{C10DA9E7-31AB-4D3E-9D5D-3742CEDA9329}.Debug|x86.Build.0 = Debug|Win32
		{C10DA9E7-31AB-4D3E-9D5D-3742CEDA9329}.Release|x64.ActiveCfg = Release|x64
		{C10DA9E7-31AB-4D3E-9D5D-3742CEDA9329}.Release|x64.Build.0 = Release|x64
		{C10DA9E7-31AB-4D3E-9D5D-3742CEDA9329}.Release|x86.ActiveCfg = Release|Win32
		{C10DA9E7-31AB-4D3E-9D5D-3742CEDA9329}.Release|x86.Build.0 = Release|Win32
	EndGlobalSection
	GlobalSection(SolutionProperties) = preSolution
		HideSolutionNode = FALSE
	EndGlobalSection
	GlobalSection(ExtensibilityGlobals) = postSolution
		SolutionGuid = {F30430FD-2EB9-4282-8104-6B2064A690FA}
	EndGlobalSection
EndGlobal
